
Microsoft Visual Studio Solution File, Format Version 12.00
# Visual Studio Version 17
VisualStudioVersion = 17.7.34018.315
MinimumVisualStudioVersion = 10.0.40219.1
Project("{9A19103F-16F7-4668-BE54-9A1E7A4F7556}") = "HomeYarp.webapi", "HomeYarp.webapi\HomeYarp.webapi.csproj", "{03BA7071-FC11-4B5B-87D6-FC0448AB91F1}"
EndProject
Project("{2150E333-8FDC-42A3-9474-1A3956D46DE8}") = "Solution Items", "Solution Items", "{83A34EE0-640C-4EAA-B492-A665A0E45A8B}"
	ProjectSection(SolutionItems) = preProject
		..\README.md = ..\README.md
	EndProjectSection
EndProject
Global
	GlobalSection(SolutionConfigurationPlatforms) = preSolution
		Debug|Any CPU = Debug|Any CPU
		Release|Any CPU = Release|Any CPU
	EndGlobalSection
	GlobalSection(ProjectConfigurationPlatforms) = postSolution
		{03BA7071-FC11-4B5B-87D6-FC0448AB91F1}.Debug|Any CPU.ActiveCfg = Debug|Any CPU
		{03BA7071-FC11-4B5B-87D6-FC0448AB91F1}.Debug|Any CPU.Build.0 = Debug|Any CPU
		{03BA7071-FC11-4B5B-87D6-FC0448AB91F1}.Release|Any CPU.ActiveCfg = Release|Any CPU
		{03BA7071-FC11-4B5B-87D6-FC0448AB91F1}.Release|Any CPU.Build.0 = Release|Any CPU
	EndGlobalSection
	GlobalSection(SolutionProperties) = preSolution
		HideSolutionNode = FALSE
	EndGlobalSection
	GlobalSection(ExtensibilityGlobals) = postSolution
		SolutionGuid = {EF3BC479-5FC4-4029-B2D9-011901D3F996}
	EndGlobalSection
EndGlobal
